# This file is autogenerated, do not edit; changes may be undone by the next 'dep ensure'.


[[projects]]
  branch = "master"
  name = "github.com/nareix/curl"
  packages = ["."]
  revision = "0c1ac3e488d8879e5a2e5a013cbf8f306d04b864"

[[projects]]
  branch = "master"
  name = "github.com/remeh/sizedwaitgroup"
  packages = ["."]
  revision = "5582a674300c427060d06980c142aeb52ed20040"

[solve-meta]
  analyzer-name = "dep"
  analyzer-version = 1
  inputs-digest = "cdc7507e5f314a50e470d9492c465435921fea8b92483d5a196c8bbb986c5dde"
  solver-name = "gps-cdcl"
  solver-version = 1
